// !$*UTF8*$!
{
	archiveVersion = 1;
	classes = {
	};
	objectVersion = 90;
	objects = {

/* Begin PBXBuildFile section */
		A10000000000000000000001 /* VirtuallyKit.framework in Frameworks (app) */ = {isa = PBXBuildFile; fileRef = A30000000000000000000002 /* VirtuallyKit.framework */; };
		A10000000000000000000002 /* VirtuallyKit.framework in Frameworks (cli) */ = {isa = PBXBuildFile; fileRef = A30000000000000000000002 /* VirtuallyKit.framework */; };
		A10000000000000000000003 /* VirtuallyKit.framework in Frameworks (tests) */ = {isa = PBXBuildFile; fileRef = A30000000000000000000002 /* VirtuallyKit.framework */; };
		A10000000000000000000004 /* GuestAgent in Resources */ = {isa = PBXBuildFile; fileRef = A30000000000000000000010 /* GuestAgent */; };
/* End PBXBuildFile section */

/* Begin PBXContainerItemProxy section */
		A20000000000000000000001 /* VirtuallyKit for app */ = {
			isa = PBXContainerItemProxy;
			containerPortal = A00000000000000000000000 /* Project object */;
			proxyType = 1;
			remoteGlobalIDString = B00000000000000000000002;
			remoteInfo = VirtuallyKit;
		};
		A20000000000000000000002 /* VirtuallyKit for cli */ = {
			isa = PBXContainerItemProxy;
			containerPortal = A00000000000000000000000 /* Project object */;
			proxyType = 1;
			remoteGlobalIDString = B00000000000000000000002;
			remoteInfo = VirtuallyKit;
		};
		A20000000000000000000003 /* VirtuallyKit for tests */ = {
			isa = PBXContainerItemProxy;
			containerPortal = A00000000000000000000000 /* Project object */;
			proxyType = 1;
			remoteGlobalIDString = B00000000000000000000002;
			remoteInfo = VirtuallyKit;
		};
		A20000000000000000000004 /* virtually for app */ = {
			isa = PBXContainerItemProxy;
			containerPortal = A00000000000000000000000 /* Project object */;
			proxyType = 1;
			remoteGlobalIDString = B00000000000000000000003;
			remoteInfo = VirtuallyCLI;
		};
/* End PBXContainerItemProxy section */

/* Begin PBXFileReference section */
		A30000000000000000000001 /* Virtually.app */ = {isa = PBXFileReference; explicitFileType = wrapper.application; includeInIndex = 0; path = Virtually.app; sourceTree = BUILT_PRODUCTS_DIR; };
		A30000000000000000000002 /* VirtuallyKit.framework */ = {isa = PBXFileReference; explicitFileType = wrapper.framework; includeInIndex = 0; path = VirtuallyKit.framework; sourceTree = BUILT_PRODUCTS_DIR; };
		A30000000000000000000003 /* virtually */ = {isa = PBXFileReference; explicitFileType = "compiled.mach-o.executable"; includeInIndex = 0; path = virtually; sourceTree = BUILT_PRODUCTS_DIR; };
		A30000000000000000000004 /* VirtuallyKitTests.xctest */ = {isa = PBXFileReference; explicitFileType = wrapper.cfbundle; includeInIndex = 0; path = VirtuallyKitTests.xctest; sourceTree = BUILT_PRODUCTS_DIR; };
		A30000000000000000000010 /* GuestAgent */ = {isa = PBXFileReference; lastKnownFileType = folder; path = GuestAgent; sourceTree = "<group>"; };
		A30000000000000000000011 /* docs */ = {isa = PBXFileReference; lastKnownFileType = folder; path = docs; sourceTree = "<group>"; };
		A30000000000000000000012 /* ThirdParty */ = {isa = PBXFileReference; lastKnownFileType = folder; path = ThirdParty; sourceTree = "<group>"; };
		A30000000000000000000013 /* Scripts */ = {isa = PBXFileReference; lastKnownFileType = folder; path = Scripts; sourceTree = "<group>"; };
		A30000000000000000000014 /* README.md */ = {isa = PBXFileReference; lastKnownFileType = net.daringfireball.markdown; path = README.md; sourceTree = "<group>"; };
/* End PBXFileReference section */

/* Begin PBXFileSystemSynchronizedRootGroup section */
		A40000000000000000000001 /* Virtually */ = {
			isa = PBXFileSystemSynchronizedRootGroup;
			path = Virtually;
			sourceTree = "<group>";
		};
		A40000000000000000000002 /* VirtuallyKit */ = {
			isa = PBXFileSystemSynchronizedRootGroup;
			path = VirtuallyKit;
			sourceTree = "<group>";
		};
		A40000000000000000000003 /* VirtuallyCLI */ = {
			isa = PBXFileSystemSynchronizedRootGroup;
			path = VirtuallyCLI;
			sourceTree = "<group>";
		};
		A40000000000000000000004 /* VirtuallyKitTests */ = {
			isa = PBXFileSystemSynchronizedRootGroup;
			path = VirtuallyKitTests;
			sourceTree = "<group>";
		};
/* End PBXFileSystemSynchronizedRootGroup section */

/* Begin PBXFrameworksBuildPhase section */
		A50000000000000000000001 /* Frameworks (app) */ = {
			isa = PBXFrameworksBuildPhase;
			files = (
				A10000000000000000000001 /* VirtuallyKit.framework in Frameworks */,
			);
		};
		A50000000000000000000002 /* Frameworks (kit) */ = {
			isa = PBXFrameworksBuildPhase;
			files = (
			);
		};
		A50000000000000000000003 /* Frameworks (cli) */ = {
			isa = PBXFrameworksBuildPhase;
			files = (
				A10000000000000000000002 /* VirtuallyKit.framework in Frameworks */,
			);
		};
		A50000000000000000000004 /* Frameworks (tests) */ = {
			isa = PBXFrameworksBuildPhase;
			files = (
				A10000000000000000000003 /* VirtuallyKit.framework in Frameworks */,
			);
		};
/* End PBXFrameworksBuildPhase section */

/* Begin PBXGroup section */
		A60000000000000000000001 = {
			isa = PBXGroup;
			children = (
				A30000000000000000000014 /* README.md */,
				A40000000000000000000001 /* Virtually */,
				A40000000000000000000002 /* VirtuallyKit */,
				A40000000000000000000003 /* VirtuallyCLI */,
				A40000000000000000000004 /* VirtuallyKitTests */,
				A30000000000000000000010 /* GuestAgent */,
				A30000000000000000000013 /* Scripts */,
				A30000000000000000000012 /* ThirdParty */,
				A30000000000000000000011 /* docs */,
				A60000000000000000000002 /* Products */,
			);
			sourceTree = "<group>";
		};
		A60000000000000000000002 /* Products */ = {
			isa = PBXGroup;
			children = (
				A30000000000000000000001 /* Virtually.app */,
				A30000000000000000000002 /* VirtuallyKit.framework */,
				A30000000000000000000003 /* virtually */,
				A30000000000000000000004 /* VirtuallyKitTests.xctest */,
			);
			name = Products;
			sourceTree = "<group>";
		};
/* End PBXGroup section */

/* Begin PBXNativeTarget section */
		B00000000000000000000001 /* Virtually */ = {
			isa = PBXNativeTarget;
			buildConfigurationList = C00000000000000000000010 /* Build configuration list for PBXNativeTarget "Virtually" */;
			buildPhases = (
				A70000000000000000000001 /* Sources */,
				A50000000000000000000001 /* Frameworks */,
				A80000000000000000000001 /* Resources */,
				A90000000000000000000001 /* Embed QEMU */,
			);
			buildRules = (
			);
			dependencies = (
				AA0000000000000000000001 /* PBXTargetDependency */,
				AA0000000000000000000004 /* PBXTargetDependency */,
			);
			fileSystemSynchronizedGroups = (
				A40000000000000000000001 /* Virtually */,
			);
			name = Virtually;
			productName = Virtually;
			productReference = A30000000000000000000001 /* Virtually.app */;
			productType = "com.apple.product-type.application";
		};
		B00000000000000000000002 /* VirtuallyKit */ = {
			isa = PBXNativeTarget;
			buildConfigurationList = C00000000000000000000020 /* Build configuration list for PBXNativeTarget "VirtuallyKit" */;
			buildPhases = (
				A70000000000000000000002 /* Sources */,
				A50000000000000000000002 /* Frameworks */,
			);
			buildRules = (
			);
			dependencies = (
			);
			fileSystemSynchronizedGroups = (
				A40000000000000000000002 /* VirtuallyKit */,
			);
			name = VirtuallyKit;
			productName = VirtuallyKit;
			productReference = A30000000000000000000002 /* VirtuallyKit.framework */;
			productType = "com.apple.product-type.framework";
		};
		B00000000000000000000003 /* VirtuallyCLI */ = {
			isa = PBXNativeTarget;
			buildConfigurationList = C00000000000000000000030 /* Build configuration list for PBXNativeTarget "VirtuallyCLI" */;
			buildPhases = (
				A70000000000000000000003 /* Sources */,
				A50000000000000000000003 /* Frameworks */,
			);
			buildRules = (
			);
			dependencies = (
				AA0000000000000000000002 /* PBXTargetDependency */,
			);
			fileSystemSynchronizedGroups = (
				A40000000000000000000003 /* VirtuallyCLI */,
			);
			name = VirtuallyCLI;
			productName = virtually;
			productReference = A30000000000000000000003 /* virtually */;
			productType = "com.apple.product-type.tool";
		};
		B00000000000000000000004 /* VirtuallyKitTests */ = {
			isa = PBXNativeTarget;
			buildConfigurationList = C00000000000000000000040 /* Build configuration list for PBXNativeTarget "VirtuallyKitTests" */;
			buildPhases = (
				A70000000000000000000004 /* Sources */,
				A50000000000000000000004 /* Frameworks */,
			);
			buildRules = (
			);
			dependencies = (
				AA0000000000000000000003 /* PBXTargetDependency */,
			);
			fileSystemSynchronizedGroups = (
				A40000000000000000000004 /* VirtuallyKitTests */,
			);
			name = VirtuallyKitTests;
			productName = VirtuallyKitTests;
			productReference = A30000000000000000000004 /* VirtuallyKitTests.xctest */;
			productType = "com.apple.product-type.bundle.unit-test";
		};
/* End PBXNativeTarget section */

/* Begin PBXProject section */
		A00000000000000000000000 /* Project object */ = {
			isa = PBXProject;
			attributes = {
				BuildIndependentTargetsInParallel = 1;
				LastSwiftUpdateCheck = 2700;
				LastUpgradeCheck = 2700;
			};
			buildConfigurationList = C00000000000000000000000 /* Build configuration list for PBXProject "Virtually" */;
			developmentRegion = "zh-Hans";
			hasScannedForEncodings = 0;
			knownRegions = (
				"zh-Hans",
				Base,
			);
			mainGroup = A60000000000000000000001;
			minimizedProjectReferenceProxies = 1;
			preferredProjectObjectVersion = 90;
			productRefGroup = A60000000000000000000002 /* Products */;
			projectDirPath = "";
			projectRoot = "";
			targets = (
				B00000000000000000000001 /* Virtually */,
				B00000000000000000000002 /* VirtuallyKit */,
				B00000000000000000000003 /* VirtuallyCLI */,
				B00000000000000000000004 /* VirtuallyKitTests */,
			);
		};
/* End PBXProject section */

/* Begin PBXResourcesBuildPhase section */
		A80000000000000000000001 /* Resources */ = {
			isa = PBXResourcesBuildPhase;
			files = (
				A10000000000000000000004 /* GuestAgent in Resources */,
			);
		};
/* End PBXResourcesBuildPhase section */

/* Begin PBXShellScriptBuildPhase section */
		A90000000000000000000001 /* Embed QEMU */ = {
			isa = PBXShellScriptBuildPhase;
			alwaysOutOfDate = 1;
			files = (
			);
			inputFileListPaths = (
			);
			inputPaths = (
			);
			name = "Embed QEMU";
			outputFileListPaths = (
			);
			outputPaths = (
			);
			shellPath = /bin/sh;
			shellScript = "exec \"$SRCROOT/Scripts/embed-qemu.sh\"\n";
		};
/* End PBXShellScriptBuildPhase section */

/* Begin PBXSourcesBuildPhase section */
		A70000000000000000000001 /* Sources */ = {
			isa = PBXSourcesBuildPhase;
			files = (
			);
		};
		A70000000000000000000002 /* Sources */ = {
			isa = PBXSourcesBuildPhase;
			files = (
			);
		};
		A70000000000000000000003 /* Sources */ = {
			isa = PBXSourcesBuildPhase;
			files = (
			);
		};
		A70000000000000000000004 /* Sources */ = {
			isa = PBXSourcesBuildPhase;
			files = (
			);
		};
/* End PBXSourcesBuildPhase section */

/* Begin PBXTargetDependency section */
		AA0000000000000000000001 /* PBXTargetDependency */ = {
			isa = PBXTargetDependency;
			target = B00000000000000000000002 /* VirtuallyKit */;
			targetProxy = A20000000000000000000001 /* PBXContainerItemProxy */;
		};
		AA0000000000000000000002 /* PBXTargetDependency */ = {
			isa = PBXTargetDependency;
			target = B00000000000000000000002 /* VirtuallyKit */;
			targetProxy = A20000000000000000000002 /* PBXContainerItemProxy */;
		};
		AA0000000000000000000003 /* PBXTargetDependency */ = {
			isa = PBXTargetDependency;
			target = B00000000000000000000002 /* VirtuallyKit */;
			targetProxy = A20000000000000000000003 /* PBXContainerItemProxy */;
		};
		AA0000000000000000000004 /* PBXTargetDependency */ = {
			isa = PBXTargetDependency;
			target = B00000000000000000000003 /* VirtuallyCLI */;
			targetProxy = A20000000000000000000004 /* PBXContainerItemProxy */;
		};
/* End PBXTargetDependency section */

/* Begin XCBuildConfiguration section */
		C00000000000000000000001 /* Debug (project) */ = {
			isa = XCBuildConfiguration;
			buildSettings = {
				ALWAYS_SEARCH_USER_PATHS = NO;
				CLANG_ENABLE_MODULES = YES;
				CLANG_ENABLE_OBJC_ARC = YES;
				CODE_SIGN_STYLE = Automatic;
				COPY_PHASE_STRIP = NO;
				CURRENT_PROJECT_VERSION = 1;
				DEAD_CODE_STRIPPING = YES;
				DEBUG_INFORMATION_FORMAT = dwarf;
				ENABLE_STRICT_OBJC_MSGSEND = YES;
				ENABLE_TESTABILITY = YES;
				ENABLE_USER_SCRIPT_SANDBOXING = YES;
				GCC_OPTIMIZATION_LEVEL = 0;
				GCC_PREPROCESSOR_DEFINITIONS = (
					"DEBUG=1",
					"$(inherited)",
				);
				MACOSX_DEPLOYMENT_TARGET = 26.0;
				MARKETING_VERSION = 0.1;
				ONLY_ACTIVE_ARCH = YES;
				SDKROOT = macosx;
				SWIFT_ACTIVE_COMPILATION_CONDITIONS = "DEBUG $(inherited)";
				SWIFT_OPTIMIZATION_LEVEL = "-Onone";
				SWIFT_VERSION = 5.0;
			};
			name = Debug;
		};
		C00000000000000000000002 /* Release (project) */ = {
			isa = XCBuildConfiguration;
			buildSettings = {
				ALWAYS_SEARCH_USER_PATHS = NO;
				CLANG_ENABLE_MODULES = YES;
				CLANG_ENABLE_OBJC_ARC = YES;
				CODE_SIGN_STYLE = Automatic;
				COPY_PHASE_STRIP = NO;
				CURRENT_PROJECT_VERSION = 1;
				DEAD_CODE_STRIPPING = YES;
				DEBUG_INFORMATION_FORMAT = "dwarf-with-dsym";
				ENABLE_NS_ASSERTIONS = NO;
				ENABLE_STRICT_OBJC_MSGSEND = YES;
				ENABLE_USER_SCRIPT_SANDBOXING = YES;
				MACOSX_DEPLOYMENT_TARGET = 26.0;
				MARKETING_VERSION = 0.1;
				SDKROOT = macosx;
				SWIFT_COMPILATION_MODE = wholemodule;
				SWIFT_VERSION = 5.0;
			};
			name = Release;
		};
		C00000000000000000000011 /* Debug (app) */ = {
			isa = XCBuildConfiguration;
			buildSettings = {
				ASSETCATALOG_COMPILER_APPICON_NAME = AppIcon;
				ASSETCATALOG_COMPILER_GLOBAL_ACCENT_COLOR_NAME = AccentColor;
				ENABLE_APP_SANDBOX = NO;
				ENABLE_HARDENED_RUNTIME = YES;
				ENABLE_USER_SCRIPT_SANDBOXING = NO;
				GENERATE_INFOPLIST_FILE = YES;
				INFOPLIST_KEY_CFBundleDisplayName = Virtually;
				INFOPLIST_KEY_LSApplicationCategoryType = "public.app-category.developer-tools";
				LD_RUNPATH_SEARCH_PATHS = (
					"$(inherited)",
					"@executable_path/../Frameworks",
				);
				PRODUCT_BUNDLE_IDENTIFIER = org.virtually.Virtually;
				PRODUCT_NAME = Virtually;
			};
			name = Debug;
		};
		C00000000000000000000012 /* Release (app) */ = {
			isa = XCBuildConfiguration;
			buildSettings = {
				ASSETCATALOG_COMPILER_APPICON_NAME = AppIcon;
				ASSETCATALOG_COMPILER_GLOBAL_ACCENT_COLOR_NAME = AccentColor;
				ENABLE_APP_SANDBOX = NO;
				ENABLE_HARDENED_RUNTIME = YES;
				ENABLE_USER_SCRIPT_SANDBOXING = NO;
				GENERATE_INFOPLIST_FILE = YES;
				INFOPLIST_KEY_CFBundleDisplayName = Virtually;
				INFOPLIST_KEY_LSApplicationCategoryType = "public.app-category.developer-tools";
				LD_RUNPATH_SEARCH_PATHS = (
					"$(inherited)",
					"@executable_path/../Frameworks",
				);
				PRODUCT_BUNDLE_IDENTIFIER = org.virtually.Virtually;
				PRODUCT_NAME = Virtually;
			};
			name = Release;
		};
		C00000000000000000000021 /* Debug (kit) */ = {
			isa = XCBuildConfiguration;
			buildSettings = {
				DEFINES_MODULE = YES;
				GENERATE_INFOPLIST_FILE = YES;
				MACH_O_TYPE = staticlib;
				PRODUCT_BUNDLE_IDENTIFIER = org.virtually.VirtuallyKit;
				PRODUCT_NAME = VirtuallyKit;
				SKIP_INSTALL = YES;
			};
			name = Debug;
		};
		C00000000000000000000022 /* Release (kit) */ = {
			isa = XCBuildConfiguration;
			buildSettings = {
				DEFINES_MODULE = YES;
				GENERATE_INFOPLIST_FILE = YES;
				MACH_O_TYPE = staticlib;
				PRODUCT_BUNDLE_IDENTIFIER = org.virtually.VirtuallyKit;
				PRODUCT_NAME = VirtuallyKit;
				SKIP_INSTALL = YES;
			};
			name = Release;
		};
		C00000000000000000000031 /* Debug (cli) */ = {
			isa = XCBuildConfiguration;
			buildSettings = {
				ENABLE_HARDENED_RUNTIME = YES;
				PRODUCT_BUNDLE_IDENTIFIER = org.virtually.cli;
				PRODUCT_MODULE_NAME = VirtuallyCLI;
				PRODUCT_NAME = virtually;
			};
			name = Debug;
		};
		C00000000000000000000032 /* Release (cli) */ = {
			isa = XCBuildConfiguration;
			buildSettings = {
				ENABLE_HARDENED_RUNTIME = YES;
				PRODUCT_BUNDLE_IDENTIFIER = org.virtually.cli;
				PRODUCT_MODULE_NAME = VirtuallyCLI;
				PRODUCT_NAME = virtually;
			};
			name = Release;
		};
		C00000000000000000000041 /* Debug (tests) */ = {
			isa = XCBuildConfiguration;
			buildSettings = {
				GENERATE_INFOPLIST_FILE = YES;
				PRODUCT_BUNDLE_IDENTIFIER = org.virtually.VirtuallyKitTests;
				PRODUCT_NAME = VirtuallyKitTests;
			};
			name = Debug;
		};
		C00000000000000000000042 /* Release (tests) */ = {
			isa = XCBuildConfiguration;
			buildSettings = {
				GENERATE_INFOPLIST_FILE = YES;
				PRODUCT_BUNDLE_IDENTIFIER = org.virtually.VirtuallyKitTests;
				PRODUCT_NAME = VirtuallyKitTests;
			};
			name = Release;
		};
/* End XCBuildConfiguration section */

/* Begin XCConfigurationList section */
		C00000000000000000000000 /* Build configuration list for PBXProject "Virtually" */ = {
			isa = XCConfigurationList;
			buildConfigurations = (
				C00000000000000000000001 /* Debug */,
				C00000000000000000000002 /* Release */,
			);
			defaultConfigurationName = Release;
		};
		C00000000000000000000010 /* Build configuration list for PBXNativeTarget "Virtually" */ = {
			isa = XCConfigurationList;
			buildConfigurations = (
				C00000000000000000000011 /* Debug */,
				C00000000000000000000012 /* Release */,
			);
			defaultConfigurationName = Release;
		};
		C00000000000000000000020 /* Build configuration list for PBXNativeTarget "VirtuallyKit" */ = {
			isa = XCConfigurationList;
			buildConfigurations = (
				C00000000000000000000021 /* Debug */,
				C00000000000000000000022 /* Release */,
			);
			defaultConfigurationName = Release;
		};
		C00000000000000000000030 /* Build configuration list for PBXNativeTarget "VirtuallyCLI" */ = {
			isa = XCConfigurationList;
			buildConfigurations = (
				C00000000000000000000031 /* Debug */,
				C00000000000000000000032 /* Release */,
			);
			defaultConfigurationName = Release;
		};
		C00000000000000000000040 /* Build configuration list for PBXNativeTarget "VirtuallyKitTests" */ = {
			isa = XCConfigurationList;
			buildConfigurations = (
				C00000000000000000000041 /* Debug */,
				C00000000000000000000042 /* Release */,
			);
			defaultConfigurationName = Release;
		};
/* End XCConfigurationList section */
	};
	rootObject = A00000000000000000000000 /* Project object */;
}
